// !$*UTF8*$!
{
	archiveVersion = 1;
	classes = {
	};
	objectVersion = 50;
	objects = {

/* Begin PBXBuildFile section */
		500DD40221867A3D005CB7B7 /* AppDelegate.swift in Sources */ = {isa = PBXBuildFile; fileRef = 500DD40121867A3D005CB7B7 /* AppDelegate.swift */; };
		500DD40721867A3D005CB7B7 /* Main.storyboard in Resources */ = {isa = PBXBuildFile; fileRef = 500DD40521867A3D005CB7B7 /* Main.storyboard */; };
		500DD40921867A3E005CB7B7 /* Assets.xcassets in Resources */ = {isa = PBXBuildFile; fileRef = 500DD40821867A3E005CB7B7 /* Assets.xcassets */; };
		500DD40C21867A3E005CB7B7 /* LaunchScreen.storyboard in Resources */ = {isa = PBXBuildFile; fileRef = 500DD40A21867A3E005CB7B7 /* LaunchScreen.storyboard */; };
		500DD41721867A3E005CB7B7 /* tinderTests.swift in Sources */ = {isa = PBXBuildFile; fileRef = 500DD41621867A3E005CB7B7 /* tinderTests.swift */; };
		500DD42221867A3E005CB7B7 /* tinderUITests.swift in Sources */ = {isa = PBXBuildFile; fileRef = 500DD42121867A3E005CB7B7 /* tinderUITests.swift */; };
		500DD43021867AED005CB7B7 /* CardsViewController.swift in Sources */ = {isa = PBXBuildFile; fileRef = 500DD42F21867AED005CB7B7 /* CardsViewController.swift */; };
		500DD43221867D7C005CB7B7 /* ProfileViewController.swift in Sources */ = {isa = PBXBuildFile; fileRef = 500DD43121867D7C005CB7B7 /* ProfileViewController.swift */; };
		500DD43421867EF6005CB7B7 /* FadeTransition.swift in Sources */ = {isa = PBXBuildFile; fileRef = 500DD43321867EF6005CB7B7 /* FadeTransition.swift */; };
		500DD43621867F16005CB7B7 /* BaseTransition.swift in Sources */ = {isa = PBXBuildFile; fileRef = 500DD43521867F16005CB7B7 /* BaseTransition.swift */; };
/* End PBXBuildFile section */

/* Begin PBXContainerItemProxy section */
		500DD41321867A3E005CB7B7 /* PBXContainerItemProxy */ = {
			isa = PBXContainerItemProxy;
			containerPortal = 500DD3F621867A3D005CB7B7 /* Project object */;
			proxyType = 1;
			remoteGlobalIDString = 500DD3FD21867A3D005CB7B7;
			remoteInfo = tinder;
		};
		500DD41E21867A3E005CB7B7 /* PBXContainerItemProxy */ = {
			isa = PBXContainerItemProxy;
			containerPortal = 500DD3F621867A3D005CB7B7 /* Project object */;
			proxyType = 1;
			remoteGlobalIDString = 500DD3FD21867A3D005CB7B7;
			remoteInfo = tinder;
		};
/* End PBXContainerItemProxy section */

/* Begin PBXFileReference section */
		500DD3FE21867A3D005CB7B7 /* tinder.app */ = {isa = PBXFileReference; explicitFileType = wrapper.application; includeInIndex = 0; path = tinder.app; sourceTree = BUILT_PRODUCTS_DIR; };
		500DD40121867A3D005CB7B7 /* AppDelegate.swift */ = {isa = PBXFileReference; lastKnownFileType = sourcecode.swift; path = AppDelegate.swift; sourceTree = "<group>"; };
		500DD40621867A3D005CB7B7 /* Base */ = {isa = PBXFileReference; lastKnownFileType = file.storyboard; name = Base; path = Base.lproj/Main.storyboard; sourceTree = "<group>"; };
		500DD40821867A3E005CB7B7 /* Assets.xcassets */ = {isa = PBXFileReference; lastKnownFileType = folder.assetcatalog; path = Assets.xcassets; sourceTree = "<group>"; };
		500DD40B21867A3E005CB7B7 /* Base */ = {isa = PBXFileReference; lastKnownFileType = file.storyboard; name = Base; path = Base.lproj/LaunchScreen.storyboard; sourceTree = "<group>"; };
		500DD40D21867A3E005CB7B7 /* Info.plist */ = {isa = PBXFileReference; lastKnownFileType = text.plist.xml; path = Info.plist; sourceTree = "<group>"; };
		500DD41221867A3E005CB7B7 /* tinderTests.xctest */ = {isa = PBXFileReference; explicitFileType = wrapper.cfbundle; includeInIndex = 0; path = tinderTests.xctest; sourceTree = BUILT_PRODUCTS_DIR; };
		500DD41621867A3E005CB7B7 /* tinderTests.swift */ = {isa = PBXFileReference; lastKnownFileType = sourcecode.swift; path = tinderTests.swift; sourceTree = "<group>"; };
		500DD41821867A3E005CB7B7 /* Info.plist */ = {isa = PBXFileReference; lastKnownFileType = text.plist.xml; path = Info.plist; sourceTree = "<group>"; };
		500DD41D21867A3E005CB7B7 /* tinderUITests.xctest */ = {isa = PBXFileReference; explicitFileType = wrapper.cfbundle; includeInIndex = 0; path = tinderUITests.xctest; sourceTree = BUILT_PRODUCTS_DIR; };
		500DD42121867A3E005CB7B7 /* tinderUITests.swift */ = {isa = PBXFileReference; lastKnownFileType = sourcecode.swift; path = tinderUITests.swift; sourceTree = "<group>"; };
		500DD42321867A3E005CB7B7 /* Info.plist */ = {isa = PBXFileReference; lastKnownFileType = text.plist.xml; path = Info.plist; sourceTree = "<group>"; };
		500DD42F21867AED005CB7B7 /* CardsViewController.swift */ = {isa = PBXFileReference; lastKnownFileType = sourcecode.swift; path = CardsViewController.swift; sourceTree = "<group>"; };
		500DD43121867D7C005CB7B7 /* ProfileViewController.swift */ = {isa = PBXFileReference; lastKnownFileType = sourcecode.swift; path = ProfileViewController.swift; sourceTree = "<group>"; };
		500DD43321867EF6005CB7B7 /* FadeTransition.swift */ = {isa = PBXFileReference; lastKnownFileType = sourcecode.swift; path = FadeTransition.swift; sourceTree = "<group>"; };
		500DD43521867F16005CB7B7 /* BaseTransition.swift */ = {isa = PBXFileReference; lastKnownFileType = sourcecode.swift; path = BaseTransition.swift; sourceTree = "<group>"; };
/* End PBXFileReference section */

/* Begin PBXFrameworksBuildPhase section */
		500DD3FB21867A3D005CB7B7 /* Frameworks */ = {
			isa = PBXFrameworksBuildPhase;
			buildActionMask = 2147483647;
			files = (
			);
			runOnlyForDeploymentPostprocessing = 0;
		};
		500DD40F21867A3E005CB7B7 /* Frameworks */ = {
			isa = PBXFrameworksBuildPhase;
			buildActionMask = 2147483647;
			files = (
			);
			runOnlyForDeploymentPostprocessing = 0;
		};
		500DD41A21867A3E005CB7B7 /* Frameworks */ = {
			isa = PBXFrameworksBuildPhase;
			buildActionMask = 2147483647;
			files = (
			);
			runOnlyForDeploymentPostprocessing = 0;
		};
/* End PBXFrameworksBuildPhase section */

/* Begin PBXGroup section */
		500DD3F521867A3D005CB7B7 = {
			isa = PBXGroup;
			children = (
				500DD40021867A3D005CB7B7 /* tinder */,
				500DD41521867A3E005CB7B7 /* tinderTests */,
				500DD42021867A3E005CB7B7 /* tinderUITests */,
				500DD3FF21867A3D005CB7B7 /* Products */,
			);
			sourceTree = "<group>";
		};
		500DD3FF21867A3D005CB7B7 /* Products */ = {
			isa = PBXGroup;
			children = (
				500DD3FE21867A3D005CB7B7 /* tinder.app */,
				500DD41221867A3E005CB7B7 /* tinderTests.xctest */,
				500DD41D21867A3E005CB7B7 /* tinderUITests.xctest */,
			);
			name = Products;
			sourceTree = "<group>";
		};
		500DD40021867A3D005CB7B7 /* tinder */ = {
			isa = PBXGroup;
			children = (
				500DD40121867A3D005CB7B7 /* AppDelegate.swift */,
				500DD40521867A3D005CB7B7 /* Main.storyboard */,
				500DD43121867D7C005CB7B7 /* ProfileViewController.swift */,
				500DD43321867EF6005CB7B7 /* FadeTransition.swift */,
				500DD43521867F16005CB7B7 /* BaseTransition.swift */,
				500DD40821867A3E005CB7B7 /* Assets.xcassets */,
				500DD40A21867A3E005CB7B7 /* LaunchScreen.storyboard */,
				500DD40D21867A3E005CB7B7 /* Info.plist */,
				500DD42F21867AED005CB7B7 /* CardsViewController.swift */,
			);
			path = tinder;
			sourceTree = "<group>";
		};
		500DD41521867A3E005CB7B7 /* tinderTests */ = {
			isa = PBXGroup;
			children = (
				500DD41621867A3E005CB7B7 /* tinderTests.swift */,
				500DD41821867A3E005CB7B7 /* Info.plist */,
			);
			path = tinderTests;
			sourceTree = "<group>";
		};
		500DD42021867A3E005CB7B7 /* tinderUITests */ = {
			isa = PBXGroup;
			children = (
				500DD42121867A3E005CB7B7 /* tinderUITests.swift */,
				500DD42321867A3E005CB7B7 /* Info.plist */,
			);
			path = tinderUITests;
			sourceTree = "<group>";
		};
/* End PBXGroup section */

/* Begin PBXNativeTarget section */
		500DD3FD21867A3D005CB7B7 /* tinder */ = {
			isa = PBXNativeTarget;
			buildConfigurationList = 500DD42621867A3E005CB7B7 /* Build configuration list for PBXNativeTarget "tinder" */;
			buildPhases = (
				500DD3FA21867A3D005CB7B7 /* Sources */,
				500DD3FB21867A3D005CB7B7 /* Frameworks */,
				500DD3FC21867A3D005CB7B7 /* Resources */,
			);
			buildRules = (
			);
			dependencies = (
			);
			name = tinder;
			productName = tinder;
			productReference = 500DD3FE21867A3D005CB7B7 /* tinder.app */;
			productType = "com.apple.product-type.application";
		};
		500DD41121867A3E005CB7B7 /* tinderTests */ = {
			isa = PBXNativeTarget;
			buildConfigurationList = 500DD42921867A3E005CB7B7 /* Build configuration list for PBXNativeTarget "tinderTests" */;
			buildPhases = (
				500DD40E21867A3E005CB7B7 /* Sources */,
				500DD40F21867A3E005CB7B7 /* Frameworks */,
				500DD41021867A3E005CB7B7 /* Resources */,
			);
			buildRules = (
			);
			dependencies = (
				500DD41421867A3E005CB7B7 /* PBXTargetDependency */,
			);
			name = tinderTests;
			productName = tinderTests;
			productReference = 500DD41221867A3E005CB7B7 /* tinderTests.xctest */;
			productType = "com.apple.product-type.bundle.unit-test";
		};
		500DD41C21867A3E005CB7B7 /* tinderUITests */ = {
			isa = PBXNativeTarget;
			buildConfigurationList = 500DD42C21867A3E005CB7B7 /* Build configuration list for PBXNativeTarget "tinderUITests" */;
			buildPhases = (
				500DD41921867A3E005CB7B7 /* Sources */,
				500DD41A21867A3E005CB7B7 /* Frameworks */,
				500DD41B21867A3E005CB7B7 /* Resources */,
			);
			buildRules = (
			);
			dependencies = (
				500DD41F21867A3E005CB7B7 /* PBXTargetDependency */,
			);
			name = tinderUITests;
			productName = tinderUITests;
			productReference = 500DD41D21867A3E005CB7B7 /* tinderUITests.xctest */;
			productType = "com.apple.product-type.bundle.ui-testing";
		};
/* End PBXNativeTarget section */

/* Begin PBXProject section */
		500DD3F621867A3D005CB7B7 /* Project object */ = {
			isa = PBXProject;
			attributes = {
				LastSwiftUpdateCheck = 1000;
				LastUpgradeCheck = 1000;
				ORGANIZATIONNAME = "Whitney Griffith";
				TargetAttributes = {
					500DD3FD21867A3D005CB7B7 = {
						CreatedOnToolsVersion = 10.0;
					};
					500DD41121867A3E005CB7B7 = {
						CreatedOnToolsVersion = 10.0;
						TestTargetID = 500DD3FD21867A3D005CB7B7;
					};
					500DD41C21867A3E005CB7B7 = {
						CreatedOnToolsVersion = 10.0;
						TestTargetID = 500DD3FD21867A3D005CB7B7;
					};
				};
			};
			buildConfigurationList = 500DD3F921867A3D005CB7B7 /* Build configuration list for PBXProject "tinder" */;
			compatibilityVersion = "Xcode 9.3";
			developmentRegion = en;
			hasScannedForEncodings = 0;
			knownRegions = (
				en,
				Base,
			);
			mainGroup = 500DD3F521867A3D005CB7B7;
			productRefGroup = 500DD3FF21867A3D005CB7B7 /* Products */;
			projectDirPath = "";
			projectRoot = "";
			targets = (
				500DD3FD21867A3D005CB7B7 /* tinder */,
				500DD41121867A3E005CB7B7 /* tinderTests */,
				500DD41C21867A3E005CB7B7 /* tinderUITests */,
			);
		};
/* End PBXProject section */

/* Begin PBXResourcesBuildPhase section */
		500DD3FC21867A3D005CB7B7 /* Resources */ = {
			isa = PBXResourcesBuildPhase;
			buildActionMask = 2147483647;
			files = (
				500DD40C21867A3E005CB7B7 /* LaunchScreen.storyboard in Resources */,
				500DD40921867A3E005CB7B7 /* Assets.xcassets in Resources */,
				500DD40721867A3D005CB7B7 /* Main.storyboard in Resources */,
			);
			runOnlyForDeploymentPostprocessing = 0;
		};
		500DD41021867A3E005CB7B7 /* Resources */ = {
			isa = PBXResourcesBuildPhase;
			buildActionMask = 2147483647;
			files = (
			);
			runOnlyForDeploymentPostprocessing = 0;
		};
		500DD41B21867A3E005CB7B7 /* Resources */ = {
			isa = PBXResourcesBuildPhase;
			buildActionMask = 2147483647;
			files = (
			);
			runOnlyForDeploymentPostprocessing = 0;
		};
/* End PBXResourcesBuildPhase section */

/* Begin PBXSourcesBuildPhase section */
		500DD3FA21867A3D005CB7B7 /* Sources */ = {
			isa = PBXSourcesBuildPhase;
			buildActionMask = 2147483647;
			files = (
				500DD43221867D7C005CB7B7 /* ProfileViewController.swift in Sources */,
				500DD43621867F16005CB7B7 /* BaseTransition.swift in Sources */,
				500DD43021867AED005CB7B7 /* CardsViewController.swift in Sources */,
				500DD43421867EF6005CB7B7 /* FadeTransition.swift in Sources */,
				500DD40221867A3D005CB7B7 /* AppDelegate.swift in Sources */,
			);
			runOnlyForDeploymentPostprocessing = 0;
		};
		500DD40E21867A3E005CB7B7 /* Sources */ = {
			isa = PBXSourcesBuildPhase;
			buildActionMask = 2147483647;
			files = (
				500DD41721867A3E005CB7B7 /* tinderTests.swift in Sources */,
			);
			runOnlyForDeploymentPostprocessing = 0;
		};
		500DD41921867A3E005CB7B7 /* Sources */ = {
			isa = PBXSourcesBuildPhase;
			buildActionMask = 2147483647;
			files = (
				500DD42221867A3E005CB7B7 /* tinderUITests.swift in Sources */,
			);
			runOnlyForDeploymentPostprocessing = 0;
		};
/* End PBXSourcesBuildPhase section */

/* Begin PBXTargetDependency section */
		500DD41421867A3E005CB7B7 /* PBXTargetDependency */ = {
			isa = PBXTargetDependency;
			target = 500DD3FD21867A3D005CB7B7 /* tinder */;
			targetProxy = 500DD41321867A3E005CB7B7 /* PBXContainerItemProxy */;
		};
		500DD41F21867A3E005CB7B7 /* PBXTargetDependency */ = {
			isa = PBXTargetDependency;
			target = 500DD3FD21867A3D005CB7B7 /* tinder */;
			targetProxy = 500DD41E21867A3E005CB7B7 /* PBXContainerItemProxy */;
		};
/* End PBXTargetDependency section */

/* Begin PBXVariantGroup section */
		500DD40521867A3D005CB7B7 /* Main.storyboard */ = {
			isa = PBXVariantGroup;
			children = (
				500DD40621867A3D005CB7B7 /* Base */,
			);
			name = Main.storyboard;
			sourceTree = "<group>";
		};
		500DD40A21867A3E005CB7B7 /* LaunchScreen.storyboard */ = {
			isa = PBXVariantGroup;
			children = (
				500DD40B21867A3E005CB7B7 /* Base */,
			);
			name = LaunchScreen.storyboard;
			sourceTree = "<group>";
		};
/* End PBXVariantGroup section */

/* Begin XCBuildConfiguration section */
		500DD42421867A3E005CB7B7 /* Debug */ = {
			isa = XCBuildConfiguration;
			buildSettings = {
				ALWAYS_SEARCH_USER_PATHS = NO;
				CLANG_ANALYZER_NONNULL = YES;
				CLANG_ANALYZER_NUMBER_OBJECT_CONVERSION = YES_AGGRESSIVE;
				CLANG_CXX_LANGUAGE_STANDARD = "gnu++14";
				CLANG_CXX_LIBRARY = "libc++";
				CLANG_ENABLE_MODULES = YES;
				CLANG_ENABLE_OBJC_ARC = YES;
				CLANG_ENABLE_OBJC_WEAK = YES;
				CLANG_WARN_BLOCK_CAPTURE_AUTORELEASING = YES;
				CLANG_WARN_BOOL_CONVERSION = YES;
				CLANG_WARN_COMMA = YES;
				CLANG_WARN_CONSTANT_CONVERSION = YES;
				CLANG_WARN_DEPRECATED_OBJC_IMPLEMENTATIONS = YES;
				CLANG_WARN_DIRECT_OBJC_ISA_USAGE = YES_ERROR;
				CLANG_WARN_DOCUMENTATION_COMMENTS = YES;
				CLANG_WARN_EMPTY_BODY = YES;
				CLANG_WARN_ENUM_CONVERSION = YES;
				CLANG_WARN_INFINITE_RECURSION = YES;
				CLANG_WARN_INT_CONVERSION = YES;
				CLANG_WARN_NON_LITERAL_NULL_CONVERSION = YES;
				CLANG_WARN_OBJC_IMPLICIT_RETAIN_SELF = YES;
				CLANG_WARN_OBJC_LITERAL_CONVERSION = YES;
				CLANG_WARN_OBJC_ROOT_CLASS = YES_ERROR;
				CLANG_WARN_RANGE_LOOP_ANALYSIS = YES;
				CLANG_WARN_STRICT_PROTOTYPES = YES;
				CLANG_WARN_SUSPICIOUS_MOVE = YES;
				CLANG_WARN_UNGUARDED_AVAILABILITY = YES_AGGRESSIVE;
				CLANG_WARN_UNREACHABLE_CODE = YES;
				CLANG_WARN__DUPLICATE_METHOD_MATCH = YES;
				CODE_SIGN_IDENTITY = "iPhone Developer";
				COPY_PHASE_STRIP = NO;
				DEBUG_INFORMATION_FORMAT = dwarf;
				ENABLE_STRICT_OBJC_MSGSEND = YES;
				ENABLE_TESTABILITY = YES;
				GCC_C_LANGUAGE_STANDARD = gnu11;
				GCC_DYNAMIC_NO_PIC = NO;
				GCC_NO_COMMON_BLOCKS = YES;
				GCC_OPTIMIZATION_LEVEL = 0;
				GCC_PREPROCESSOR_DEFINITIONS = (
					"DEBUG=1",
					"$(inherited)",
				);
				GCC_WARN_64_TO_32_BIT_CONVERSION = YES;
				GCC_WARN_ABOUT_RETURN_TYPE = YES_ERROR;
				GCC_WARN_UNDECLARED_SELECTOR = YES;
				GCC_WARN_UNINITIALIZED_AUTOS = YES_AGGRESSIVE;
				GCC_WARN_UNUSED_FUNCTION = YES;
				GCC_WARN_UNUSED_VARIABLE = YES;
				IPHONEOS_DEPLOYMENT_TARGET = 12.0;
				MTL_ENABLE_DEBUG_INFO = INCLUDE_SOURCE;
				MTL_FAST_MATH = YES;
				ONLY_ACTIVE_ARCH = YES;
				SDKROOT = iphoneos;
				SWIFT_ACTIVE_COMPILATION_CONDITIONS = DEBUG;
				SWIFT_OPTIMIZATION_LEVEL = "-Onone";
			};
			name = Debug;
		};
		500DD42521867A3E005CB7B7 /* Release */ = {
			isa = XCBuildConfiguration;
			buildSettings = {
				ALWAYS_SEARCH_USER_PATHS = NO;
				CLANG_ANALYZER_NONNULL = YES;
				CLANG_ANALYZER_NUMBER_OBJECT_CONVERSION = YES_AGGRESSIVE;
				CLANG_CXX_LANGUAGE_STANDARD = "gnu++14";
				CLANG_CXX_LIBRARY = "libc++";
				CLANG_ENABLE_MODULES = YES;
				CLANG_ENABLE_OBJC_ARC = YES;
				CLANG_ENABLE_OBJC_WEAK = YES;
				CLANG_WARN_BLOCK_CAPTURE_AUTORELEASING = YES;
				CLANG_WARN_BOOL_CONVERSION = YES;
				CLANG_WARN_COMMA = YES;
				CLANG_WARN_CONSTANT_CONVERSION = YES;
				CLANG_WARN_DEPRECATED_OBJC_IMPLEMENTATIONS = YES;
				CLANG_WARN_DIRECT_OBJC_ISA_USAGE = YES_ERROR;
				CLANG_WARN_DOCUMENTATION_COMMENTS = YES;
				CLANG_WARN_EMPTY_BODY = YES;
				CLANG_WARN_ENUM_CONVERSION = YES;
				CLANG_WARN_INFINITE_RECURSION = YES;
				CLANG_WARN_INT_CONVERSION = YES;
				CLANG_WARN_NON_LITERAL_NULL_CONVERSION = YES;
				CLANG_WARN_OBJC_IMPLICIT_RETAIN_SELF = YES;
				CLANG_WARN_OBJC_LITERAL_CONVERSION = YES;
				CLANG_WARN_OBJC_ROOT_CLASS = YES_ERROR;
				CLANG_WARN_RANGE_LOOP_ANALYSIS = YES;
				CLANG_WARN_STRICT_PROTOTYPES = YES;
				CLANG_WARN_SUSPICIOUS_MOVE = YES;
				CLANG_WARN_UNGUARDED_AVAILABILITY = YES_AGGRESSIVE;
				CLANG_WARN_UNREACHABLE_CODE = YES;
				CLANG_WARN__DUPLICATE_METHOD_MATCH = YES;
				CODE_SIGN_IDENTITY = "iPhone Developer";
				COPY_PHASE_STRIP = NO;
				DEBUG_INFORMATION_FORMAT = "dwarf-with-dsym";
				ENABLE_NS_ASSERTIONS = NO;
				ENABLE_STRICT_OBJC_MSGSEND = YES;
				GCC_C_LANGUAGE_STANDARD = gnu11;
				GCC_NO_COMMON_BLOCKS = YES;
				GCC_WARN_64_TO_32_BIT_CONVERSION = YES;
				GCC_WARN_ABOUT_RETURN_TYPE = YES_ERROR;
				GCC_WARN_UNDECLARED_SELECTOR = YES;
				GCC_WARN_UNINITIALIZED_AUTOS = YES_AGGRESSIVE;
				GCC_WARN_UNUSED_FUNCTION = YES;
				GCC_WARN_UNUSED_VARIABLE = YES;
				IPHONEOS_DEPLOYMENT_TARGET = 12.0;
				MTL_ENABLE_DEBUG_INFO = NO;
				MTL_FAST_MATH = YES;
				SDKROOT = iphoneos;
				SWIFT_COMPILATION_MODE = wholemodule;
				SWIFT_OPTIMIZATION_LEVEL = "-O";
				VALIDATE_PRODUCT = YES;
			};
			name = Release;
		};
		500DD42721867A3E005CB7B7 /* Debug */ = {
			isa = XCBuildConfiguration;
			buildSettings = {
				ASSETCATALOG_COMPILER_APPICON_NAME = AppIcon;
				CODE_SIGN_STYLE = Automatic;
				DEVELOPMENT_TEAM = 6922PB386G;
				INFOPLIST_FILE = tinder/Info.plist;
				LD_RUNPATH_SEARCH_PATHS = (
					"$(inherited)",
					"@executable_path/Frameworks",
				);
				PRODUCT_BUNDLE_IDENTIFIER = com.working.tinder;
				PRODUCT_NAME = "$(TARGET_NAME)";
				SWIFT_VERSION = 4.2;
				TARGETED_DEVICE_FAMILY = "1,2";
			};
			name = Debug;
		};
		500DD42821867A3E005CB7B7 /* Release */ = {
			isa = XCBuildConfiguration;
			buildSettings = {
				ASSETCATALOG_COMPILER_APPICON_NAME = AppIcon;
				CODE_SIGN_STYLE = Automatic;
				DEVELOPMENT_TEAM = 6922PB386G;
				INFOPLIST_FILE = tinder/Info.plist;
				LD_RUNPATH_SEARCH_PATHS = (
					"$(inherited)",
					"@executable_path/Frameworks",
				);
				PRODUCT_BUNDLE_IDENTIFIER = com.working.tinder;
				PRODUCT_NAME = "$(TARGET_NAME)";
				SWIFT_VERSION = 4.2;
				TARGETED_DEVICE_FAMILY = "1,2";
			};
			name = Release;
		};
		500DD42A21867A3E005CB7B7 /* Debug */ = {
			isa = XCBuildConfiguration;
			buildSettings = {
				ALWAYS_EMBED_SWIFT_STANDARD_LIBRARIES = YES;
				BUNDLE_LOADER = "$(TEST_HOST)";
				CODE_SIGN_STYLE = Automatic;
				DEVELOPMENT_TEAM = 6922PB386G;
				INFOPLIST_FILE = tinderTests/Info.plist;
				LD_RUNPATH_SEARCH_PATHS = (
					"$(inherited)",
					"@executable_path/Frameworks",
					"@loader_path/Frameworks",
				);
				PRODUCT_BUNDLE_IDENTIFIER = com.working.tinderTests;
				PRODUCT_NAME = "$(TARGET_NAME)";
				SWIFT_VERSION = 4.2;
				TARGETED_DEVICE_FAMILY = "1,2";
				TEST_HOST = "$(BUILT_PRODUCTS_DIR)/tinder.app/tinder";
			};
			name = Debug;
		};
		500DD42B21867A3E005CB7B7 /* Release */ = {
			isa = XCBuildConfiguration;
			buildSettings = {
				ALWAYS_EMBED_SWIFT_STANDARD_LIBRARIES = YES;
				BUNDLE_LOADER = "$(TEST_HOST)";
				CODE_SIGN_STYLE = Automatic;
				DEVELOPMENT_TEAM = 6922PB386G;
				INFOPLIST_FILE = tinderTests/Info.plist;
				LD_RUNPATH_SEARCH_PATHS = (
					"$(inherited)",
					"@executable_path/Frameworks",
					"@loader_path/Frameworks",
				);
				PRODUCT_BUNDLE_IDENTIFIER = com.working.tinderTests;
				PRODUCT_NAME = "$(TARGET_NAME)";
				SWIFT_VERSION = 4.2;
				TARGETED_DEVICE_FAMILY = "1,2";
				TEST_HOST = "$(BUILT_PRODUCTS_DIR)/tinder.app/tinder";
			};
			name = Release;
		};
		500DD42D21867A3E005CB7B7 /* Debug */ = {
			isa = XCBuildConfiguration;
			buildSettings = {
				ALWAYS_EMBED_SWIFT_STANDARD_LIBRARIES = YES;
				CODE_SIGN_STYLE = Automatic;
				DEVELOPMENT_TEAM = 6922PB386G;
				INFOPLIST_FILE = tinderUITests/Info.plist;
				LD_RUNPATH_SEARCH_PATHS = (
					"$(inherited)",
					"@executable_path/Frameworks",
					"@loader_path/Frameworks",
				);
				PRODUCT_BUNDLE_IDENTIFIER = com.working.tinderUITests;
				PRODUCT_NAME = "$(TARGET_NAME)";
				SWIFT_VERSION = 4.2;
				TARGETED_DEVICE_FAMILY = "1,2";
				TEST_TARGET_NAME = tinder;
			};
			name = Debug;
		};
		500DD42E21867A3E005CB7B7 /* Release */ = {
			isa = XCBuildConfiguration;
			buildSettings = {
				ALWAYS_EMBED_SWIFT_STANDARD_LIBRARIES = YES;
				CODE_SIGN_STYLE = Automatic;
				DEVELOPMENT_TEAM = 6922PB386G;
				INFOPLIST_FILE = tinderUITests/Info.plist;
				LD_RUNPATH_SEARCH_PATHS = (
					"$(inherited)",
					"@executable_path/Frameworks",
					"@loader_path/Frameworks",
				);
				PRODUCT_BUNDLE_IDENTIFIER = com.working.tinderUITests;
				PRODUCT_NAME = "$(TARGET_NAME)";
				SWIFT_VERSION = 4.2;
				TARGETED_DEVICE_FAMILY = "1,2";
				TEST_TARGET_NAME = tinder;
			};
			name = Release;
		};
/* End XCBuildConfiguration section */

/* Begin XCConfigurationList section */
		500DD3F921867A3D005CB7B7 /* Build configuration list for PBXProject "tinder" */ = {
			isa = XCConfigurationList;
			buildConfigurations = (
				500DD42421867A3E005CB7B7 /* Debug */,
				500DD42521867A3E005CB7B7 /* Release */,
			);
			defaultConfigurationIsVisible = 0;
			defaultConfigurationName = Release;
		};
		500DD42621867A3E005CB7B7 /* Build configuration list for PBXNativeTarget "tinder" */ = {
			isa = XCConfigurationList;
			buildConfigurations = (
				500DD42721867A3E005CB7B7 /* Debug */,
				500DD42821867A3E005CB7B7 /* Release */,
			);
			defaultConfigurationIsVisible = 0;
			defaultConfigurationName = Release;
		};
		500DD42921867A3E005CB7B7 /* Build configuration list for PBXNativeTarget "tinderTests" */ = {
			isa = XCConfigurationList;
			buildConfigurations = (
				500DD42A21867A3E005CB7B7 /* Debug */,
				500DD42B21867A3E005CB7B7 /* Release */,
			);
			defaultConfigurationIsVisible = 0;
			defaultConfigurationName = Release;
		};
		500DD42C21867A3E005CB7B7 /* Build configuration list for PBXNativeTarget "tinderUITests" */ = {
			isa = XCConfigurationList;
			buildConfigurations = (
				500DD42D21867A3E005CB7B7 /* Debug */,
				500DD42E21867A3E005CB7B7 /* Release */,
			);
			defaultConfigurationIsVisible = 0;
			defaultConfigurationName = Release;
		};
/* End XCConfigurationList section */
	};
	rootObject = 500DD3F621867A3D005CB7B7 /* Project object */;
}
